
Microsoft Visual Studio Solution File, Format Version 12.00
# Visual Studio Version 16
VisualStudioVersion = 16.0.34601.136
MinimumVisualStudioVersion = 10.0.40219.1
Project("{FAE04EC0-301F-11D3-BF4B-00C04F79EFBC}") = "TP6_GRUPO_5", "TP6_GRUPO_5\TP6_GRUPO_5.csproj", "{385CD5BE-C223-429E-AF7D-03E7700CA37B}"
EndProject
Global
	GlobalSection(SolutionConfigurationPlatforms) = preSolution
		Debug|Any CPU = Debug|Any CPU
		Release|Any CPU = Release|Any CPU
	EndGlobalSection
	GlobalSection(ProjectConfigurationPlatforms) = postSolution
		{385CD5BE-C223-429E-AF7D-03E7700CA37B}.Debug|Any CPU.ActiveCfg = Debug|Any CPU
		{385CD5BE-C223-429E-AF7D-03E7700CA37B}.Debug|Any CPU.Build.0 = Debug|Any CPU
		{385CD5BE-C223-429E-AF7D-03E7700CA37B}.Release|Any CPU.ActiveCfg = Release|Any CPU
		{385CD5BE-C223-429E-AF7D-03E7700CA37B}.Release|Any CPU.Build.0 = Release|Any CPU
	EndGlobalSection
	GlobalSection(SolutionProperties) = preSolution
		HideSolutionNode = FALSE
	EndGlobalSection
	GlobalSection(ExtensibilityGlobals) = postSolution
		SolutionGuid = {34A0A2FD-B22B-4D65-AC28-C82BE28CB0F3}
	EndGlobalSection
EndGlobal
